
Microsoft Visual Studio Solution File, Format Version 12.00
Project("{FAE04EC0-301F-11D3-BF4B-00C04F79EFBC}") = "Secure-the-pass", "Secure-the-pass\Secure-the-pass.csproj", "{0E83618C-1C8D-4DF5-A365-ED6AAC9B45EE}"
EndProject
Project("{FAE04EC0-301F-11D3-BF4B-00C04F79EFBC}") = "Secure the Pass Services Core", "..\..\Services-Core-Secure-the-Pass-\Secure the Pass Services Core.csproj", "{88806059-B3F0-4EE5-94A3-BFF91C5B2A21}"
EndProject
Global
	GlobalSection(SolutionConfigurationPlatforms) = preSolution
		Debug|Any CPU = Debug|Any CPU
		Release|Any CPU = Release|Any CPU
	EndGlobalSection
	GlobalSection(ProjectConfigurationPlatforms) = postSolution
		{0E83618C-1C8D-4DF5-A365-ED6AAC9B45EE}.Debug|Any CPU.ActiveCfg = Debug|Any CPU
		{0E83618C-1C8D-4DF5-A365-ED6AAC9B45EE}.Debug|Any CPU.Build.0 = Debug|Any CPU
		{0E83618C-1C8D-4DF5-A365-ED6AAC9B45EE}.Release|Any CPU.ActiveCfg = Release|Any CPU
		{0E83618C-1C8D-4DF5-A365-ED6AAC9B45EE}.Release|Any CPU.Build.0 = Release|Any CPU
		{88806059-B3F0-4EE5-94A3-BFF91C5B2A21}.Debug|Any CPU.ActiveCfg = Debug|Any CPU
		{88806059-B3F0-4EE5-94A3-BFF91C5B2A21}.Debug|Any CPU.Build.0 = Debug|Any CPU
		{88806059-B3F0-4EE5-94A3-BFF91C5B2A21}.Release|Any CPU.ActiveCfg = Release|Any CPU
		{88806059-B3F0-4EE5-94A3-BFF91C5B2A21}.Release|Any CPU.Build.0 = Release|Any CPU
	EndGlobalSection
EndGlobal
